
Microsoft Visual Studio Solution File, Format Version 12.00
# Visual Studio Version 17
VisualStudioVersion = 17.2.32616.157
MinimumVisualStudioVersion = 10.0.40219.1
Project("{FAE04EC0-301F-11D3-BF4B-00C04F79EFBC}") = "Range Extraction", "Range Extraction\Range Extraction.csproj", "{36F51800-546B-44C0-B2C3-CD7612FA23D9}"
EndProject
Project("{FAE04EC0-301F-11D3-BF4B-00C04F79EFBC}") = "ConsoleApp1", "ConsoleApp1\ConsoleApp1.csproj", "{B28E9D15-9931-4484-9F15-F3FC94D78E41}"
EndProject
Project("{FAE04EC0-301F-11D3-BF4B-00C04F79EFBC}") = "ConsoleApp2", "ConsoleApp2\ConsoleApp2.csproj", "{D599B043-EB66-44AF-B493-B7F7DFD361F2}"
EndProject
Global
	GlobalSection(SolutionConfigurationPlatforms) = preSolution
		Debug|Any CPU = Debug|Any CPU
		Release|Any CPU = Release|Any CPU
	EndGlobalSection
	GlobalSection(ProjectConfigurationPlatforms) = postSolution
		{36F51800-546B-44C0-B2C3-CD7612FA23D9}.Debug|Any CPU.ActiveCfg = Debug|Any CPU
		{36F51800-546B-44C0-B2C3-CD7612FA23D9}.Debug|Any CPU.Build.0 = Debug|Any CPU
		{36F51800-546B-44C0-B2C3-CD7612FA23D9}.Release|Any CPU.ActiveCfg = Release|Any CPU
		{36F51800-546B-44C0-B2C3-CD7612FA23D9}.Release|Any CPU.Build.0 = Release|Any CPU
		{B28E9D15-9931-4484-9F15-F3FC94D78E41}.Debug|Any CPU.ActiveCfg = Debug|Any CPU
		{B28E9D15-9931-4484-9F15-F3FC94D78E41}.Debug|Any CPU.Build.0 = Debug|Any CPU
		{B28E9D15-9931-4484-9F15-F3FC94D78E41}.Release|Any CPU.ActiveCfg = Release|Any CPU
		{B28E9D15-9931-4484-9F15-F3FC94D78E41}.Release|Any CPU.Build.0 = Release|Any CPU
		{D599B043-EB66-44AF-B493-B7F7DFD361F2}.Debug|Any CPU.ActiveCfg = Debug|Any CPU
		{D599B043-EB66-44AF-B493-B7F7DFD361F2}.Debug|Any CPU.Build.0 = Debug|Any CPU
		{D599B043-EB66-44AF-B493-B7F7DFD361F2}.Release|Any CPU.ActiveCfg = Release|Any CPU
		{D599B043-EB66-44AF-B493-B7F7DFD361F2}.Release|Any CPU.Build.0 = Release|Any CPU
	EndGlobalSection
	GlobalSection(SolutionProperties) = preSolution
		HideSolutionNode = FALSE
	EndGlobalSection
	GlobalSection(ExtensibilityGlobals) = postSolution
		SolutionGuid = {AA540E8C-1D41-449A-BFD6-9D6925823CB6}
	EndGlobalSection
EndGlobal
